Microsoft Visual Studio Solution File, Format Version 11.00
# Visual Studio 2008

Project("{408413F6-9899-6BD2-B92E-1E0F6609DAB8}") = "VisionaryTest", "Assembly-CSharp.csproj", "{BE9C9A41-A5A3-A90E-A940-D50AE453775C}"
EndProject
Global
	GlobalSection(SolutionConfigurationPlatforms) = preSolution
		Debug|Any CPU = Debug|Any CPU
		Release|Any CPU = Release|Any CPU
	EndGlobalSection
	GlobalSection(ProjectConfigurationPlatforms) = postSolution
		{BE9C9A41-A5A3-A90E-A940-D50AE453775C}.Debug|Any CPU.ActiveCfg = Debug|Any CPU
		{BE9C9A41-A5A3-A90E-A940-D50AE453775C}.Debug|Any CPU.Build.0 = Debug|Any CPU
		{BE9C9A41-A5A3-A90E-A940-D50AE453775C}.Release|Any CPU.ActiveCfg = Release|Any CPU
		{BE9C9A41-A5A3-A90E-A940-D50AE453775C}.Release|Any CPU.Build.0 = Release|Any CPU
	EndGlobalSection
	GlobalSection(SolutionProperties) = preSolution
		HideSolutionNode = FALSE
	EndGlobalSection
	GlobalSection(MonoDevelopProperties) = preSolution
		StartupItem = Assembly-CSharp.csproj
	EndGlobalSection
EndGlobal
